{
  "lockfile-version": 1,
  "manifest": {
    "version": 1,
    "install": {
      "github-cli": {
        "pkg-path": "github-cli"
      },
      "nodejs": {
        "pkg-path": "nodejs"
      }
    },
    "hook": {
      "on-activate": "  # Autogenerated by Flox\n\n  # Install nodejs dependencies\n  npm install\n\n  # End autogenerated by Flox\n"
    },
    "profile": {},
    "options": {}
  },
  "packages": [
    {
      "attr_path": "github-cli",
      "broken": false,
      "derivation": "/nix/store/8a3nidwpvc9n1bjva4dmw7i7mjj8fky7-gh-2.86.0.drv",
      "description": "GitHub CLI tool",
      "install_id": "github-cli",
      "license": "MIT",
      "locked_url": "https://github.com/flox/nixpkgs?rev=d6c71932130818840fc8fe9509cf50be8c64634f",
      "name": "gh-2.86.0",
      "pname": "github-cli",
      "rev": "d6c71932130818840fc8fe9509cf50be8c64634f",
      "rev_count": 942779,
      "rev_date": "2026-02-08T14:52:16Z",
      "scrape_date": "2026-02-09T04:38:29.371933Z",
      "stabilities": [
        "unstable"
      ],
      "unfree": false,
      "version": "2.86.0",
      "outputs_to_install": [
        "out"
      ],
      "outputs": {
        "out": "/nix/store/y207r5sjcd81gfnsxxssgiiiwl6mcg6f-gh-2.86.0"
      },
      "system": "aarch64-darwin",
      "group": "toplevel",
      "priority": 5
    },
    {
      "attr_path": "github-cli",
      "broken": false,
      "derivation": "/nix/store/i2nsxinz9xpj7646ladcp57lxl69jj6w-gh-2.86.0.drv",
      "description": "GitHub CLI tool",
      "install_id": "github-cli",
      "license": "MIT",
      "locked_url": "https://github.com/flox/nixpkgs?rev=d6c71932130818840fc8fe9509cf50be8c64634f",
      "name": "gh-2.86.0",
      "pname": "github-cli",
      "rev": "d6c71932130818840fc8fe9509cf50be8c64634f",
      "rev_count": 942779,
      "rev_date": "2026-02-08T14:52:16Z",
      "scrape_date": "2026-02-09T05:10:37.068719Z",
      "stabilities": [
        "unstable"
      ],
      "unfree": false,
      "version": "2.86.0",
      "outputs_to_install": [
        "out"
      ],
      "outputs": {
        "out": "/nix/store/zx4plaf0z1yv06wdhxxhpbm7kmslm2r8-gh-2.86.0"
      },
      "system": "aarch64-linux",
      "group": "toplevel",
      "priority": 5
    },
    {
      "attr_path": "github-cli",
      "broken": false,
      "derivation": "/nix/store/5gs8iqvhi8qpfnkigm3nibrzajsiggzr-gh-2.86.0.drv",
      "description": "GitHub CLI tool",
      "install_id": "github-cli",
      "license": "MIT",
      "locked_url": "https://github.com/flox/nixpkgs?rev=d6c71932130818840fc8fe9509cf50be8c64634f",
      "name": "gh-2.86.0",
      "pname": "github-cli",
      "rev": "d6c71932130818840fc8fe9509cf50be8c64634f",
      "rev_count": 942779,
      "rev_date": "2026-02-08T14:52:16Z",
      "scrape_date": "2026-02-09T05:44:14.542797Z",
      "stabilities": [
        "unstable"
      ],
      "unfree": false,
      "version": "2.86.0",
      "outputs_to_install": [
        "out"
      ],
      "outputs": {
        "out": "/nix/store/vhpac8ld4xkaa13bsrbwnyrmlcxsg57q-gh-2.86.0"
      },
      "system": "x86_64-darwin",
      "group": "toplevel",
      "priority": 5
    },
    {
      "attr_path": "github-cli",
      "broken": false,
      "derivation": "/nix/store/vnv704j0yfg1lg30jrbf0hdnzpkygvv5-gh-2.86.0.drv",
      "description": "GitHub CLI tool",
      "install_id": "github-cli",
      "license": "MIT",
      "locked_url": "https://github.com/flox/nixpkgs?rev=d6c71932130818840fc8fe9509cf50be8c64634f",
      "name": "gh-2.86.0",
      "pname": "github-cli",
      "rev": "d6c71932130818840fc8fe9509cf50be8c64634f",
      "rev_count": 942779,
      "rev_date": "2026-02-08T14:52:16Z",
      "scrape_date": "2026-02-09T06:20:18.023740Z",
      "stabilities": [
        "unstable"
      ],
      "unfree": false,
      "version": "2.86.0",
      "outputs_to_install": [
        "out"
      ],
      "outputs": {
        "out": "/nix/store/xf3rb2kmk19092b1pf50ag0fsj2f6hpa-gh-2.86.0"
      },
      "system": "x86_64-linux",
      "group": "toplevel",
      "priority": 5
    },
    {
      "attr_path": "nodejs",
      "broken": false,
      "derivation": "/nix/store/0jp24w00c62cysdikz38xrnmxwzv0q4r-nodejs-24.13.0.drv",
      "description": "Event-driven I/O framework for the V8 JavaScript engine",
      "install_id": "nodejs",
      "license": "MIT",
      "locked_url": "https://github.com/flox/nixpkgs?rev=d6c71932130818840fc8fe9509cf50be8c64634f",
      "name": "nodejs-24.13.0",
      "pname": "nodejs",
      "rev": "d6c71932130818840fc8fe9509cf50be8c64634f",
      "rev_count": 942779,
      "rev_date": "2026-02-08T14:52:16Z",
      "scrape_date": "2026-02-09T04:38:52.145912Z",
      "stabilities": [
        "unstable"
      ],
      "unfree": false,
      "version": "24.13.0",
      "outputs_to_install": [
        "out",
        "out"
      ],
      "outputs": {
        "dev": "/nix/store/ywm49y8ncwny2nr0wvs6vmaxqjiqg523-nodejs-24.13.0-dev",
        "libv8": "/nix/store/67xyvmmgkisc7mr16wbpyjq2fqyz44af-nodejs-24.13.0-libv8",
        "out": "/nix/store/szvl8aalaplzshakdpyq8l5yq8q1bw66-nodejs-24.13.0"
      },
      "system": "aarch64-darwin",
      "group": "toplevel",
      "priority": 5
    },
    {
      "attr_path": "nodejs",
      "broken": false,
      "derivation": "/nix/store/l64r4vxgdpi0jxp27mvr9sj2c2mq2cys-nodejs-24.13.0.drv",
      "description": "Event-driven I/O framework for the V8 JavaScript engine",
      "install_id": "nodejs",
      "license": "MIT",
      "locked_url": "https://github.com/flox/nixpkgs?rev=d6c71932130818840fc8fe9509cf50be8c64634f",
      "name": "nodejs-24.13.0",
      "pname": "nodejs",
      "rev": "d6c71932130818840fc8fe9509cf50be8c64634f",
      "rev_count": 942779,
      "rev_date": "2026-02-08T14:52:16Z",
      "scrape_date": "2026-02-09T05:11:13.022428Z",
      "stabilities": [
        "unstable"
      ],
      "unfree": false,
      "version": "24.13.0",
      "outputs_to_install": [
        "out"
      ],
      "outputs": {
        "dev": "/nix/store/qk4n3r5bvqzvpaq1qbpwwf47zg51wrhq-nodejs-24.13.0-dev",
        "libv8": "/nix/store/rh9dg0mdq0hnp4cbdy4zdbmy6hnhxcfh-nodejs-24.13.0-libv8",
        "out": "/nix/store/rpyb0275h916mxx8a0cm7yavm4qbr4j9-nodejs-24.13.0"
      },
      "system": "aarch64-linux",
      "group": "toplevel",
      "priority": 5
    },
    {
      "attr_path": "nodejs",
      "broken": false,
      "derivation": "/nix/store/xgryfaiwfymf8ndij80ssly7q2kdq8y1-nodejs-24.13.0.drv",
      "description": "Event-driven I/O framework for the V8 JavaScript engine",
      "install_id": "nodejs",
      "license": "MIT",
      "locked_url": "https://github.com/flox/nixpkgs?rev=d6c71932130818840fc8fe9509cf50be8c64634f",
      "name": "nodejs-24.13.0",
      "pname": "nodejs",
      "rev": "d6c71932130818840fc8fe9509cf50be8c64634f",
      "rev_count": 942779,
      "rev_date": "2026-02-08T14:52:16Z",
      "scrape_date": "2026-02-09T05:44:37.493268Z",
      "stabilities": [
        "unstable"
      ],
      "unfree": false,
      "version": "24.13.0",
      "outputs_to_install": [
        "out"
      ],
      "outputs": {
        "dev": "/nix/store/rp55bch0hqxynmxnh7q5bs586kp0dib6-nodejs-24.13.0-dev",
        "libv8": "/nix/store/dvl504xzwklpfjngdnn6kcpriklwsf6l-nodejs-24.13.0-libv8",
        "out": "/nix/store/xhp1pnnq7hski7hwg36vw7kpxmg56khh-nodejs-24.13.0"
      },
      "system": "x86_64-darwin",
      "group": "toplevel",
      "priority": 5
    },
    {
      "attr_path": "nodejs",
      "broken": false,
      "derivation": "/nix/store/qk40027pvikybl0lvr1wmia9n8ljf99c-nodejs-24.13.0.drv",
      "description": "Event-driven I/O framework for the V8 JavaScript engine",
      "install_id": "nodejs",
      "license": "MIT",
      "locked_url": "https://github.com/flox/nixpkgs?rev=d6c71932130818840fc8fe9509cf50be8c64634f",
      "name": "nodejs-24.13.0",
      "pname": "nodejs",
      "rev": "d6c71932130818840fc8fe9509cf50be8c64634f",
      "rev_count": 942779,
      "rev_date": "2026-02-08T14:52:16Z",
      "scrape_date": "2026-02-09T06:20:55.548285Z",
      "stabilities": [
        "unstable"
      ],
      "unfree": false,
      "version": "24.13.0",
      "outputs_to_install": [
        "out"
      ],
      "outputs": {
        "dev": "/nix/store/hc7fav9y6ai53nqbbpjxprwnkakl1w2d-nodejs-24.13.0-dev",
        "libv8": "/nix/store/z7m56hl4rzdrfhnnkwig0ibzs1qz1x5d-nodejs-24.13.0-libv8",
        "out": "/nix/store/9cyx2v23dip6p9q98384k9v06c96qskb-nodejs-24.13.0"
      },
      "system": "x86_64-linux",
      "group": "toplevel",
      "priority": 5
    }
  ]
}